
Microsoft Visual Studio Solution File, Format Version 12.00
# Visual Studio 2017
Project("{FAE04EC0-301F-11D3-BF4B-00C04F79EFBC}") = "SocketIOProject", "SocketIOProject.csproj", "{B85504D8-090D-561A-113F-02BC29F27728}"
EndProject
Project("{FAE04EC0-301F-11D3-BF4B-00C04F79EFBC}") = "SocketIOProject.Editor", "SocketIOProject.Editor.csproj", "{F6F78BE0-31D7-D24F-7D1E-CFF51EB71135}"
EndProject
Global
	GlobalSection(SolutionConfigurationPlatforms) = preSolution
		Debug|Any CPU = Debug|Any CPU
		Release|Any CPU = Release|Any CPU
	EndGlobalSection
	GlobalSection(ProjectConfigurationPlatforms) = postSolution
		{B85504D8-090D-561A-113F-02BC29F27728}.Debug|Any CPU.ActiveCfg = Debug|Any CPU
		{B85504D8-090D-561A-113F-02BC29F27728}.Debug|Any CPU.Build.0 = Debug|Any CPU
		{B85504D8-090D-561A-113F-02BC29F27728}.Release|Any CPU.ActiveCfg = Release|Any CPU
		{B85504D8-090D-561A-113F-02BC29F27728}.Release|Any CPU.Build.0 = Release|Any CPU
		{F6F78BE0-31D7-D24F-7D1E-CFF51EB71135}.Debug|Any CPU.ActiveCfg = Debug|Any CPU
		{F6F78BE0-31D7-D24F-7D1E-CFF51EB71135}.Debug|Any CPU.Build.0 = Debug|Any CPU
		{F6F78BE0-31D7-D24F-7D1E-CFF51EB71135}.Release|Any CPU.ActiveCfg = Release|Any CPU
		{F6F78BE0-31D7-D24F-7D1E-CFF51EB71135}.Release|Any CPU.Build.0 = Release|Any CPU
	EndGlobalSection
	GlobalSection(SolutionProperties) = preSolution
		HideSolutionNode = FALSE
	EndGlobalSection
EndGlobal
