
Microsoft Visual Studio Solution File, Format Version 12.00
# Visual Studio 2015
Project("{FAE04EC0-301F-11D3-BF4B-00C04F79EFBC}") = "SocketIOProject.CSharp", "SocketIOProject.CSharp.csproj", "{71FBCA28-58AC-B4A8-D792-15AA3A409DEA}"
EndProject
Project("{FAE04EC0-301F-11D3-BF4B-00C04F79EFBC}") = "SocketIOProject.CSharp.Editor", "SocketIOProject.CSharp.Editor.csproj", "{A1D5815C-EC5C-6CBE-855E-9C8D2B2BE156}"
EndProject
Global
	GlobalSection(SolutionConfigurationPlatforms) = preSolution
		Debug|Any CPU = Debug|Any CPU
		Release|Any CPU = Release|Any CPU
	EndGlobalSection
	GlobalSection(ProjectConfigurationPlatforms) = postSolution
		{71FBCA28-58AC-B4A8-D792-15AA3A409DEA}.Debug|Any CPU.ActiveCfg = Debug|Any CPU
		{71FBCA28-58AC-B4A8-D792-15AA3A409DEA}.Debug|Any CPU.Build.0 = Debug|Any CPU
		{71FBCA28-58AC-B4A8-D792-15AA3A409DEA}.Release|Any CPU.ActiveCfg = Release|Any CPU
		{71FBCA28-58AC-B4A8-D792-15AA3A409DEA}.Release|Any CPU.Build.0 = Release|Any CPU
		{A1D5815C-EC5C-6CBE-855E-9C8D2B2BE156}.Debug|Any CPU.ActiveCfg = Debug|Any CPU
		{A1D5815C-EC5C-6CBE-855E-9C8D2B2BE156}.Debug|Any CPU.Build.0 = Debug|Any CPU
		{A1D5815C-EC5C-6CBE-855E-9C8D2B2BE156}.Release|Any CPU.ActiveCfg = Release|Any CPU
		{A1D5815C-EC5C-6CBE-855E-9C8D2B2BE156}.Release|Any CPU.Build.0 = Release|Any CPU
	EndGlobalSection
	GlobalSection(SolutionProperties) = preSolution
		HideSolutionNode = FALSE
	EndGlobalSection
EndGlobal
